
Microsoft Visual Studio Solution File, Format Version 12.00
# Visual Studio 14
VisualStudioVersion = 14.0.23107.0
MinimumVisualStudioVersion = 10.0.40219.1
Project("{2150E333-8FDC-42A3-9474-1A3956D46DE8}") = "Game", "Game", "{8A1946A3-A4FB-4A77-B979-0B94D05E2357}"
EndProject
Project("{2150E333-8FDC-42A3-9474-1A3956D46DE8}") = "Engine", "Engine", "{7E9C1515-2743-42CA-92DA-BEEF0D87CEAE}"
EndProject
Project("{2150E333-8FDC-42A3-9474-1A3956D46DE8}") = "Tools", "Tools", "{9CF4D40B-6677-4223-AA95-FB7B6D4981F4}"
EndProject
Project("{8BC9CEB8-8B4A-11D0-8D11-00A0C91BC942}") = "BuildAssets", "Code\Game\BuildAssets\BuildAssets.vcxproj", "{3670C64E-AAA0-4056-BF89-744D0276F609}"
	ProjectSection(ProjectDependencies) = postProject
		{C9BDAC7C-C59A-4367-A21D-0FEDABB93012} = {C9BDAC7C-C59A-4367-A21D-0FEDABB93012}
		{495EACDA-7E96-4FDB-AE46-FBEB6E885D19} = {495EACDA-7E96-4FDB-AE46-FBEB6E885D19}
		{ABF804FE-993A-43E2-A242-F3090A290B12} = {ABF804FE-993A-43E2-A242-F3090A290B12}
	EndProjectSection
EndProject
Project("{8BC9CEB8-8B4A-11D0-8D11-00A0C91BC942}") = "AssetBuilder", "Code\Tools\AssetBuilder\AssetBuilder.vcxproj", "{ABF804FE-993A-43E2-A242-F3090A290B12}"
	ProjectSection(ProjectDependencies) = postProject
		{5F8004A7-75AD-49AC-85C7-96D9B9F19533} = {5F8004A7-75AD-49AC-85C7-96D9B9F19533}
		{D76FAEE2-0B67-493B-B494-2C5FB20AA14C} = {D76FAEE2-0B67-493B-B494-2C5FB20AA14C}
		{45CDCFF0-7F57-457F-9706-C3C15E7EA597} = {45CDCFF0-7F57-457F-9706-C3C15E7EA597}
	EndProjectSection
EndProject
Project("{8BC9CEB8-8B4A-11D0-8D11-00A0C91BC942}") = "Game", "Code\Game\Game\Game.vcxproj", "{433FF686-9527-4C97-8EF4-060152A428B5}"
	ProjectSection(ProjectDependencies) = postProject
		{5657829E-D16C-44A5-89F4-7FE780F76DB1} = {5657829E-D16C-44A5-89F4-7FE780F76DB1}
		{D76FAEE2-0B67-493B-B494-2C5FB20AA14C} = {D76FAEE2-0B67-493B-B494-2C5FB20AA14C}
	EndProjectSection
EndProject
Project("{8BC9CEB8-8B4A-11D0-8D11-00A0C91BC942}") = "Graphics", "Code\Engine\Graphics\Graphics.vcxproj", "{5657829E-D16C-44A5-89F4-7FE780F76DB1}"
	ProjectSection(ProjectDependencies) = postProject
		{06F00F02-D352-44A1-B42B-B5C2CEB2567A} = {06F00F02-D352-44A1-B42B-B5C2CEB2567A}
		{B6BC0082-C4EF-4B54-9247-6C5FF414FF2A} = {B6BC0082-C4EF-4B54-9247-6C5FF414FF2A}
		{0AFAD6C1-038C-4E14-B07B-54586908DBC2} = {0AFAD6C1-038C-4E14-B07B-54586908DBC2}
		{45CDCFF0-7F57-457F-9706-C3C15E7EA597} = {45CDCFF0-7F57-457F-9706-C3C15E7EA597}
	EndProjectSection
EndProject
Project("{8BC9CEB8-8B4A-11D0-8D11-00A0C91BC942}") = "Windows", "Code\Engine\Windows\Windows.vcxproj", "{D76FAEE2-0B67-493B-B494-2C5FB20AA14C}"
EndProject
Project("{2150E333-8FDC-42A3-9474-1A3956D46DE8}") = "External", "External", "{70D92218-06BA-4FCD-AE2C-EA919D2708DA}"
EndProject
Project("{8BC9CEB8-8B4A-11D0-8D11-00A0C91BC942}") = "OpenGlExtensions", "Code\External\OpenGlExtensions\OpenGlExtensions.vcxproj", "{B6BC0082-C4EF-4B54-9247-6C5FF414FF2A}"
	ProjectSection(ProjectDependencies) = postProject
		{D76FAEE2-0B67-493B-B494-2C5FB20AA14C} = {D76FAEE2-0B67-493B-B494-2C5FB20AA14C}
	EndProjectSection
EndProject
Project("{8BC9CEB8-8B4A-11D0-8D11-00A0C91BC942}") = "UserOutput", "Code\Engine\UserOutput\UserOutput.vcxproj", "{0AFAD6C1-038C-4E14-B07B-54586908DBC2}"
	ProjectSection(ProjectDependencies) = postProject
		{D76FAEE2-0B67-493B-B494-2C5FB20AA14C} = {D76FAEE2-0B67-493B-B494-2C5FB20AA14C}
	EndProjectSection
EndProject
Project("{8BC9CEB8-8B4A-11D0-8D11-00A0C91BC942}") = "Lua", "Code\External\Lua\Lua.vcxproj", "{45CDCFF0-7F57-457F-9706-C3C15E7EA597}"
EndProject
Project("{8BC9CEB8-8B4A-11D0-8D11-00A0C91BC942}") = "LuaC", "Code\External\Lua\LuaC.vcxproj", "{393119AF-5F33-4130-9BE8-8A59EEBED07E}"
	ProjectSection(ProjectDependencies) = postProject
		{45CDCFF0-7F57-457F-9706-C3C15E7EA597} = {45CDCFF0-7F57-457F-9706-C3C15E7EA597}
	EndProjectSection
EndProject
Project("{8BC9CEB8-8B4A-11D0-8D11-00A0C91BC942}") = "LuaExe", "Code\External\Lua\LuaExe.vcxproj", "{9653A255-0309-403F-9193-DE569343011F}"
	ProjectSection(ProjectDependencies) = postProject
		{45CDCFF0-7F57-457F-9706-C3C15E7EA597} = {45CDCFF0-7F57-457F-9706-C3C15E7EA597}
	EndProjectSection
EndProject
Project("{2150E333-8FDC-42A3-9474-1A3956D46DE8}") = "Scripts", "Scripts", "{50C26974-EC92-402B-90BF-39A41102EA89}"
	ProjectSection(SolutionItems) = preProject
		Scripts\AssetsToBuild.lua = Scripts\AssetsToBuild.lua
		Scripts\BuildAssets.lua = Scripts\BuildAssets.lua
	EndProjectSection
EndProject
Project("{8BC9CEB8-8B4A-11D0-8D11-00A0C91BC942}") = "GenericBuilder", "Code\Tools\GenericBuilder\GenericBuilder.vcxproj", "{C9BDAC7C-C59A-4367-A21D-0FEDABB93012}"
	ProjectSection(ProjectDependencies) = postProject
		{5F8004A7-75AD-49AC-85C7-96D9B9F19533} = {5F8004A7-75AD-49AC-85C7-96D9B9F19533}
		{D76FAEE2-0B67-493B-B494-2C5FB20AA14C} = {D76FAEE2-0B67-493B-B494-2C5FB20AA14C}
	EndProjectSection
EndProject
Project("{8BC9CEB8-8B4A-11D0-8D11-00A0C91BC942}") = "MeshBuilder", "Code\Tools\MeshBuilder\MeshBuilder.vcxproj", "{495EACDA-7E96-4FDB-AE46-FBEB6E885D19}"
	ProjectSection(ProjectDependencies) = postProject
		{5F8004A7-75AD-49AC-85C7-96D9B9F19533} = {5F8004A7-75AD-49AC-85C7-96D9B9F19533}
		{D76FAEE2-0B67-493B-B494-2C5FB20AA14C} = {D76FAEE2-0B67-493B-B494-2C5FB20AA14C}
		{45CDCFF0-7F57-457F-9706-C3C15E7EA597} = {45CDCFF0-7F57-457F-9706-C3C15E7EA597}
	EndProjectSection
EndProject
Project("{8BC9CEB8-8B4A-11D0-8D11-00A0C91BC942}") = "BuilderHelper", "Code\Tools\BuilderHelper\BuilderHelper.vcxproj", "{5F8004A7-75AD-49AC-85C7-96D9B9F19533}"
EndProject
Project("{8BC9CEB8-8B4A-11D0-8D11-00A0C91BC942}") = "Math", "Code\Engine\Math\Math.vcxproj", "{06F00F02-D352-44A1-B42B-B5C2CEB2567A}"
EndProject
Project("{8BC9CEB8-8B4A-11D0-8D11-00A0C91BC942}") = "Time", "Code\Engine\Time\Time.vcxproj", "{136761E4-C684-4AFF-BF27-E946FCF006A1}"
EndProject
Project("{8BC9CEB8-8B4A-11D0-8D11-00A0C91BC942}") = "UserInput", "Code\Engine\UserInput\UserInput.vcxproj", "{552B2876-037A-4A14-8E5B-D73907DF5322}"
EndProject
Project("{8BC9CEB8-8B4A-11D0-8D11-00A0C91BC942}") = "Core", "Code\Engine\Core\Core.vcxproj", "{62FF0FD9-07F8-4C55-81A2-56EEE70FCA7A}"
	ProjectSection(ProjectDependencies) = postProject
		{5657829E-D16C-44A5-89F4-7FE780F76DB1} = {5657829E-D16C-44A5-89F4-7FE780F76DB1}
	EndProjectSection
EndProject
Global
	GlobalSection(SolutionConfigurationPlatforms) = preSolution
		Debug|Direct3D_64 = Debug|Direct3D_64
		Debug|OpenGL_32 = Debug|OpenGL_32
		Release|Direct3D_64 = Release|Direct3D_64
		Release|OpenGL_32 = Release|OpenGL_32
	EndGlobalSection
	GlobalSection(ProjectConfigurationPlatforms) = postSolution
		{3670C64E-AAA0-4056-BF89-744D0276F609}.Debug|Direct3D_64.ActiveCfg = Debug|x64
		{3670C64E-AAA0-4056-BF89-744D0276F609}.Debug|Direct3D_64.Build.0 = Debug|x64
		{3670C64E-AAA0-4056-BF89-744D0276F609}.Debug|OpenGL_32.ActiveCfg = Debug|Win32
		{3670C64E-AAA0-4056-BF89-744D0276F609}.Debug|OpenGL_32.Build.0 = Debug|Win32
		{3670C64E-AAA0-4056-BF89-744D0276F609}.Release|Direct3D_64.ActiveCfg = Release|x64
		{3670C64E-AAA0-4056-BF89-744D0276F609}.Release|Direct3D_64.Build.0 = Release|x64
		{3670C64E-AAA0-4056-BF89-744D0276F609}.Release|OpenGL_32.ActiveCfg = Release|Win32
		{3670C64E-AAA0-4056-BF89-744D0276F609}.Release|OpenGL_32.Build.0 = Release|Win32
		{ABF804FE-993A-43E2-A242-F3090A290B12}.Debug|Direct3D_64.ActiveCfg = Debug|x64
		{ABF804FE-993A-43E2-A242-F3090A290B12}.Debug|Direct3D_64.Build.0 = Debug|x64
		{ABF804FE-993A-43E2-A242-F3090A290B12}.Debug|OpenGL_32.ActiveCfg = Debug|Win32
		{ABF804FE-993A-43E2-A242-F3090A290B12}.Debug|OpenGL_32.Build.0 = Debug|Win32
		{ABF804FE-993A-43E2-A242-F3090A290B12}.Release|Direct3D_64.ActiveCfg = Release|x64
		{ABF804FE-993A-43E2-A242-F3090A290B12}.Release|Direct3D_64.Build.0 = Release|x64
		{ABF804FE-993A-43E2-A242-F3090A290B12}.Release|OpenGL_32.ActiveCfg = Release|Win32
		{ABF804FE-993A-43E2-A242-F3090A290B12}.Release|OpenGL_32.Build.0 = Release|Win32
		{433FF686-9527-4C97-8EF4-060152A428B5}.Debug|Direct3D_64.ActiveCfg = Debug|x64
		{433FF686-9527-4C97-8EF4-060152A428B5}.Debug|Direct3D_64.Build.0 = Debug|x64
		{433FF686-9527-4C97-8EF4-060152A428B5}.Debug|OpenGL_32.ActiveCfg = Debug|Win32
		{433FF686-9527-4C97-8EF4-060152A428B5}.Debug|OpenGL_32.Build.0 = Debug|Win32
		{433FF686-9527-4C97-8EF4-060152A428B5}.Release|Direct3D_64.ActiveCfg = Release|x64
		{433FF686-9527-4C97-8EF4-060152A428B5}.Release|Direct3D_64.Build.0 = Release|x64
		{433FF686-9527-4C97-8EF4-060152A428B5}.Release|OpenGL_32.ActiveCfg = Release|Win32
		{433FF686-9527-4C97-8EF4-060152A428B5}.Release|OpenGL_32.Build.0 = Release|Win32
		{5657829E-D16C-44A5-89F4-7FE780F76DB1}.Debug|Direct3D_64.ActiveCfg = Debug|x64
		{5657829E-D16C-44A5-89F4-7FE780F76DB1}.Debug|Direct3D_64.Build.0 = Debug|x64
		{5657829E-D16C-44A5-89F4-7FE780F76DB1}.Debug|OpenGL_32.ActiveCfg = Debug|Win32
		{5657829E-D16C-44A5-89F4-7FE780F76DB1}.Debug|OpenGL_32.Build.0 = Debug|Win32
		{5657829E-D16C-44A5-89F4-7FE780F76DB1}.Release|Direct3D_64.ActiveCfg = Release|x64
		{5657829E-D16C-44A5-89F4-7FE780F76DB1}.Release|Direct3D_64.Build.0 = Release|x64
		{5657829E-D16C-44A5-89F4-7FE780F76DB1}.Release|OpenGL_32.ActiveCfg = Release|Win32
		{5657829E-D16C-44A5-89F4-7FE780F76DB1}.Release|OpenGL_32.Build.0 = Release|Win32
		{D76FAEE2-0B67-493B-B494-2C5FB20AA14C}.Debug|Direct3D_64.ActiveCfg = Debug|x64
		{D76FAEE2-0B67-493B-B494-2C5FB20AA14C}.Debug|Direct3D_64.Build.0 = Debug|x64
		{D76FAEE2-0B67-493B-B494-2C5FB20AA14C}.Debug|OpenGL_32.ActiveCfg = Debug|Win32
		{D76FAEE2-0B67-493B-B494-2C5FB20AA14C}.Debug|OpenGL_32.Build.0 = Debug|Win32
		{D76FAEE2-0B67-493B-B494-2C5FB20AA14C}.Release|Direct3D_64.ActiveCfg = Release|x64
		{D76FAEE2-0B67-493B-B494-2C5FB20AA14C}.Release|Direct3D_64.Build.0 = Release|x64
		{D76FAEE2-0B67-493B-B494-2C5FB20AA14C}.Release|OpenGL_32.ActiveCfg = Release|Win32
		{D76FAEE2-0B67-493B-B494-2C5FB20AA14C}.Release|OpenGL_32.Build.0 = Release|Win32
		{B6BC0082-C4EF-4B54-9247-6C5FF414FF2A}.Debug|Direct3D_64.ActiveCfg = Debug|Win32
		{B6BC0082-C4EF-4B54-9247-6C5FF414FF2A}.Debug|OpenGL_32.ActiveCfg = Debug|Win32
		{B6BC0082-C4EF-4B54-9247-6C5FF414FF2A}.Debug|OpenGL_32.Build.0 = Debug|Win32
		{B6BC0082-C4EF-4B54-9247-6C5FF414FF2A}.Release|Direct3D_64.ActiveCfg = Release|Win32
		{B6BC0082-C4EF-4B54-9247-6C5FF414FF2A}.Release|OpenGL_32.ActiveCfg = Release|Win32
		{B6BC0082-C4EF-4B54-9247-6C5FF414FF2A}.Release|OpenGL_32.Build.0 = Release|Win32
		{0AFAD6C1-038C-4E14-B07B-54586908DBC2}.Debug|Direct3D_64.ActiveCfg = Debug|x64
		{0AFAD6C1-038C-4E14-B07B-54586908DBC2}.Debug|Direct3D_64.Build.0 = Debug|x64
		{0AFAD6C1-038C-4E14-B07B-54586908DBC2}.Debug|OpenGL_32.ActiveCfg = Debug|Win32
		{0AFAD6C1-038C-4E14-B07B-54586908DBC2}.Debug|OpenGL_32.Build.0 = Debug|Win32
		{0AFAD6C1-038C-4E14-B07B-54586908DBC2}.Release|Direct3D_64.ActiveCfg = Release|x64
		{0AFAD6C1-038C-4E14-B07B-54586908DBC2}.Release|Direct3D_64.Build.0 = Release|x64
		{0AFAD6C1-038C-4E14-B07B-54586908DBC2}.Release|OpenGL_32.ActiveCfg = Release|Win32
		{0AFAD6C1-038C-4E14-B07B-54586908DBC2}.Release|OpenGL_32.Build.0 = Release|Win32
		{45CDCFF0-7F57-457F-9706-C3C15E7EA597}.Debug|Direct3D_64.ActiveCfg = Debug|x64
		{45CDCFF0-7F57-457F-9706-C3C15E7EA597}.Debug|Direct3D_64.Build.0 = Debug|x64
		{45CDCFF0-7F57-457F-9706-C3C15E7EA597}.Debug|OpenGL_32.ActiveCfg = Debug|Win32
		{45CDCFF0-7F57-457F-9706-C3C15E7EA597}.Debug|OpenGL_32.Build.0 = Debug|Win32
		{45CDCFF0-7F57-457F-9706-C3C15E7EA597}.Release|Direct3D_64.ActiveCfg = Release|x64
		{45CDCFF0-7F57-457F-9706-C3C15E7EA597}.Release|Direct3D_64.Build.0 = Release|x64
		{45CDCFF0-7F57-457F-9706-C3C15E7EA597}.Release|OpenGL_32.ActiveCfg = Release|Win32
		{45CDCFF0-7F57-457F-9706-C3C15E7EA597}.Release|OpenGL_32.Build.0 = Release|Win32
		{393119AF-5F33-4130-9BE8-8A59EEBED07E}.Debug|Direct3D_64.ActiveCfg = Debug|x64
		{393119AF-5F33-4130-9BE8-8A59EEBED07E}.Debug|Direct3D_64.Build.0 = Debug|x64
		{393119AF-5F33-4130-9BE8-8A59EEBED07E}.Debug|OpenGL_32.ActiveCfg = Debug|Win32
		{393119AF-5F33-4130-9BE8-8A59EEBED07E}.Debug|OpenGL_32.Build.0 = Debug|Win32
		{393119AF-5F33-4130-9BE8-8A59EEBED07E}.Release|Direct3D_64.ActiveCfg = Release|x64
		{393119AF-5F33-4130-9BE8-8A59EEBED07E}.Release|Direct3D_64.Build.0 = Release|x64
		{393119AF-5F33-4130-9BE8-8A59EEBED07E}.Release|OpenGL_32.ActiveCfg = Release|Win32
		{393119AF-5F33-4130-9BE8-8A59EEBED07E}.Release|OpenGL_32.Build.0 = Release|Win32
		{9653A255-0309-403F-9193-DE569343011F}.Debug|Direct3D_64.ActiveCfg = Debug|x64
		{9653A255-0309-403F-9193-DE569343011F}.Debug|Direct3D_64.Build.0 = Debug|x64
		{9653A255-0309-403F-9193-DE569343011F}.Debug|OpenGL_32.ActiveCfg = Debug|Win32
		{9653A255-0309-403F-9193-DE569343011F}.Debug|OpenGL_32.Build.0 = Debug|Win32
		{9653A255-0309-403F-9193-DE569343011F}.Release|Direct3D_64.ActiveCfg = Release|x64
		{9653A255-0309-403F-9193-DE569343011F}.Release|Direct3D_64.Build.0 = Release|x64
		{9653A255-0309-403F-9193-DE569343011F}.Release|OpenGL_32.ActiveCfg = Release|Win32
		{9653A255-0309-403F-9193-DE569343011F}.Release|OpenGL_32.Build.0 = Release|Win32
		{C9BDAC7C-C59A-4367-A21D-0FEDABB93012}.Debug|Direct3D_64.ActiveCfg = Debug|x64
		{C9BDAC7C-C59A-4367-A21D-0FEDABB93012}.Debug|Direct3D_64.Build.0 = Debug|x64
		{C9BDAC7C-C59A-4367-A21D-0FEDABB93012}.Debug|OpenGL_32.ActiveCfg = Debug|Win32
		{C9BDAC7C-C59A-4367-A21D-0FEDABB93012}.Debug|OpenGL_32.Build.0 = Debug|Win32
		{C9BDAC7C-C59A-4367-A21D-0FEDABB93012}.Release|Direct3D_64.ActiveCfg = Release|x64
		{C9BDAC7C-C59A-4367-A21D-0FEDABB93012}.Release|Direct3D_64.Build.0 = Release|x64
		{C9BDAC7C-C59A-4367-A21D-0FEDABB93012}.Release|OpenGL_32.ActiveCfg = Release|Win32
		{C9BDAC7C-C59A-4367-A21D-0FEDABB93012}.Release|OpenGL_32.Build.0 = Release|Win32
		{495EACDA-7E96-4FDB-AE46-FBEB6E885D19}.Debug|Direct3D_64.ActiveCfg = Debug|x64
		{495EACDA-7E96-4FDB-AE46-FBEB6E885D19}.Debug|Direct3D_64.Build.0 = Debug|x64
		{495EACDA-7E96-4FDB-AE46-FBEB6E885D19}.Debug|OpenGL_32.ActiveCfg = Debug|Win32
		{495EACDA-7E96-4FDB-AE46-FBEB6E885D19}.Debug|OpenGL_32.Build.0 = Debug|Win32
		{495EACDA-7E96-4FDB-AE46-FBEB6E885D19}.Release|Direct3D_64.ActiveCfg = Release|x64
		{495EACDA-7E96-4FDB-AE46-FBEB6E885D19}.Release|Direct3D_64.Build.0 = Release|x64
		{495EACDA-7E96-4FDB-AE46-FBEB6E885D19}.Release|OpenGL_32.ActiveCfg = Release|Win32
		{495EACDA-7E96-4FDB-AE46-FBEB6E885D19}.Release|OpenGL_32.Build.0 = Release|Win32
		{5F8004A7-75AD-49AC-85C7-96D9B9F19533}.Debug|Direct3D_64.ActiveCfg = Debug|x64
		{5F8004A7-75AD-49AC-85C7-96D9B9F19533}.Debug|Direct3D_64.Build.0 = Debug|x64
		{5F8004A7-75AD-49AC-85C7-96D9B9F19533}.Debug|OpenGL_32.ActiveCfg = Debug|Win32
		{5F8004A7-75AD-49AC-85C7-96D9B9F19533}.Debug|OpenGL_32.Build.0 = Debug|Win32
		{5F8004A7-75AD-49AC-85C7-96D9B9F19533}.Release|Direct3D_64.ActiveCfg = Release|x64
		{5F8004A7-75AD-49AC-85C7-96D9B9F19533}.Release|Direct3D_64.Build.0 = Release|x64
		{5F8004A7-75AD-49AC-85C7-96D9B9F19533}.Release|OpenGL_32.ActiveCfg = Release|Win32
		{5F8004A7-75AD-49AC-85C7-96D9B9F19533}.Release|OpenGL_32.Build.0 = Release|Win32
		{06F00F02-D352-44A1-B42B-B5C2CEB2567A}.Debug|Direct3D_64.ActiveCfg = Debug|x64
		{06F00F02-D352-44A1-B42B-B5C2CEB2567A}.Debug|Direct3D_64.Build.0 = Debug|x64
		{06F00F02-D352-44A1-B42B-B5C2CEB2567A}.Debug|OpenGL_32.ActiveCfg = Debug|Win32
		{06F00F02-D352-44A1-B42B-B5C2CEB2567A}.Debug|OpenGL_32.Build.0 = Debug|Win32
		{06F00F02-D352-44A1-B42B-B5C2CEB2567A}.Release|Direct3D_64.ActiveCfg = Release|x64
		{06F00F02-D352-44A1-B42B-B5C2CEB2567A}.Release|Direct3D_64.Build.0 = Release|x64
		{06F00F02-D352-44A1-B42B-B5C2CEB2567A}.Release|OpenGL_32.ActiveCfg = Release|Win32
		{06F00F02-D352-44A1-B42B-B5C2CEB2567A}.Release|OpenGL_32.Build.0 = Release|Win32
		{136761E4-C684-4AFF-BF27-E946FCF006A1}.Debug|Direct3D_64.ActiveCfg = Debug|x64
		{136761E4-C684-4AFF-BF27-E946FCF006A1}.Debug|Direct3D_64.Build.0 = Debug|x64
		{136761E4-C684-4AFF-BF27-E946FCF006A1}.Debug|OpenGL_32.ActiveCfg = Debug|Win32
		{136761E4-C684-4AFF-BF27-E946FCF006A1}.Debug|OpenGL_32.Build.0 = Debug|Win32
		{136761E4-C684-4AFF-BF27-E946FCF006A1}.Release|Direct3D_64.ActiveCfg = Release|x64
		{136761E4-C684-4AFF-BF27-E946FCF006A1}.Release|Direct3D_64.Build.0 = Release|x64
		{136761E4-C684-4AFF-BF27-E946FCF006A1}.Release|OpenGL_32.ActiveCfg = Release|Win32
		{136761E4-C684-4AFF-BF27-E946FCF006A1}.Release|OpenGL_32.Build.0 = Release|Win32
		{552B2876-037A-4A14-8E5B-D73907DF5322}.Debug|Direct3D_64.ActiveCfg = Debug|x64
		{552B2876-037A-4A14-8E5B-D73907DF5322}.Debug|Direct3D_64.Build.0 = Debug|x64
		{552B2876-037A-4A14-8E5B-D73907DF5322}.Debug|OpenGL_32.ActiveCfg = Debug|Win32
		{552B2876-037A-4A14-8E5B-D73907DF5322}.Debug|OpenGL_32.Build.0 = Debug|Win32
		{552B2876-037A-4A14-8E5B-D73907DF5322}.Release|Direct3D_64.ActiveCfg = Release|x64
		{552B2876-037A-4A14-8E5B-D73907DF5322}.Release|Direct3D_64.Build.0 = Release|x64
		{552B2876-037A-4A14-8E5B-D73907DF5322}.Release|OpenGL_32.ActiveCfg = Release|Win32
		{552B2876-037A-4A14-8E5B-D73907DF5322}.Release|OpenGL_32.Build.0 = Release|Win32
		{62FF0FD9-07F8-4C55-81A2-56EEE70FCA7A}.Debug|Direct3D_64.ActiveCfg = Debug|x64
		{62FF0FD9-07F8-4C55-81A2-56EEE70FCA7A}.Debug|Direct3D_64.Build.0 = Debug|x64
		{62FF0FD9-07F8-4C55-81A2-56EEE70FCA7A}.Debug|OpenGL_32.ActiveCfg = Debug|Win32
		{62FF0FD9-07F8-4C55-81A2-56EEE70FCA7A}.Debug|OpenGL_32.Build.0 = Debug|Win32
		{62FF0FD9-07F8-4C55-81A2-56EEE70FCA7A}.Release|Direct3D_64.ActiveCfg = Release|x64
		{62FF0FD9-07F8-4C55-81A2-56EEE70FCA7A}.Release|Direct3D_64.Build.0 = Release|x64
		{62FF0FD9-07F8-4C55-81A2-56EEE70FCA7A}.Release|OpenGL_32.ActiveCfg = Release|Win32
		{62FF0FD9-07F8-4C55-81A2-56EEE70FCA7A}.Release|OpenGL_32.Build.0 = Release|Win32
	EndGlobalSection
	GlobalSection(SolutionProperties) = preSolution
		HideSolutionNode = FALSE
	EndGlobalSection
	GlobalSection(NestedProjects) = preSolution
		{3670C64E-AAA0-4056-BF89-744D0276F609} = {8A1946A3-A4FB-4A77-B979-0B94D05E2357}
		{ABF804FE-993A-43E2-A242-F3090A290B12} = {9CF4D40B-6677-4223-AA95-FB7B6D4981F4}
		{433FF686-9527-4C97-8EF4-060152A428B5} = {8A1946A3-A4FB-4A77-B979-0B94D05E2357}
		{5657829E-D16C-44A5-89F4-7FE780F76DB1} = {7E9C1515-2743-42CA-92DA-BEEF0D87CEAE}
		{D76FAEE2-0B67-493B-B494-2C5FB20AA14C} = {7E9C1515-2743-42CA-92DA-BEEF0D87CEAE}
		{B6BC0082-C4EF-4B54-9247-6C5FF414FF2A} = {70D92218-06BA-4FCD-AE2C-EA919D2708DA}
		{0AFAD6C1-038C-4E14-B07B-54586908DBC2} = {7E9C1515-2743-42CA-92DA-BEEF0D87CEAE}
		{45CDCFF0-7F57-457F-9706-C3C15E7EA597} = {70D92218-06BA-4FCD-AE2C-EA919D2708DA}
		{393119AF-5F33-4130-9BE8-8A59EEBED07E} = {70D92218-06BA-4FCD-AE2C-EA919D2708DA}
		{9653A255-0309-403F-9193-DE569343011F} = {70D92218-06BA-4FCD-AE2C-EA919D2708DA}
		{C9BDAC7C-C59A-4367-A21D-0FEDABB93012} = {9CF4D40B-6677-4223-AA95-FB7B6D4981F4}
		{495EACDA-7E96-4FDB-AE46-FBEB6E885D19} = {9CF4D40B-6677-4223-AA95-FB7B6D4981F4}
		{5F8004A7-75AD-49AC-85C7-96D9B9F19533} = {9CF4D40B-6677-4223-AA95-FB7B6D4981F4}
		{06F00F02-D352-44A1-B42B-B5C2CEB2567A} = {7E9C1515-2743-42CA-92DA-BEEF0D87CEAE}
		{136761E4-C684-4AFF-BF27-E946FCF006A1} = {7E9C1515-2743-42CA-92DA-BEEF0D87CEAE}
		{552B2876-037A-4A14-8E5B-D73907DF5322} = {7E9C1515-2743-42CA-92DA-BEEF0D87CEAE}
		{62FF0FD9-07F8-4C55-81A2-56EEE70FCA7A} = {7E9C1515-2743-42CA-92DA-BEEF0D87CEAE}
	EndGlobalSection
EndGlobal
