<?xml version="1.0" encoding="utf-8"?>
<Project ToolsVersion="4.0" xmlns="http://schemas.microsoft.com/developer/msbuild/2003">
  <ItemGroup>
    <ClCompile Include="OpenGL\Graphics.gl.cpp">
      <Filter>OpenGL</Filter>
    </ClCompile>
    <ClCompile Include="Direct3D\Graphics.d3d.cpp">
      <Filter>Direct3D</Filter>
    </ClCompile>
    <ClCompile Include="Direct3D\Mesh.d3d.cpp">
      <Filter>Direct3D</Filter>
    </ClCompile>
    <ClCompile Include="OpenGL\Mesh.gl.cpp">
      <Filter>OpenGL</Filter>
    </ClCompile>
    <ClCompile Include="OpenGL\MeshHelper.gl.cpp">
      <Filter>OpenGL</Filter>
    </ClCompile>
    <ClCompile Include="Direct3D\MeshHelper.d3d.cpp">
      <Filter>Direct3D</Filter>
    </ClCompile>
    <ClCompile Include="MeshHelper.cpp" />
    <ClCompile Include="OpenGL\EffectHelper.gl.cpp">
      <Filter>OpenGL</Filter>
    </ClCompile>
    <ClCompile Include="Direct3D\EffectHelper.d3d.cpp">
      <Filter>Direct3D</Filter>
    </ClCompile>
    <ClCompile Include="Context.cpp" />
    <ClCompile Include="EffectHelper.cpp" />
    <ClCompile Include="RenderableHelper.cpp" />
    <ClCompile Include="RenderableManager.cpp" />
  </ItemGroup>
  <ItemGroup>
    <ClInclude Include="Graphics.h" />
    <ClInclude Include="Mesh.h" />
    <ClInclude Include="MeshHelper.h" />
    <ClInclude Include="CrossPlatformDefine.h" />
    <ClInclude Include="Effect.h" />
    <ClInclude Include="EffectHelper.h" />
    <ClInclude Include="Context.h" />
    <ClInclude Include="Renderable.h" />
    <ClInclude Include="RenderableHelper.h" />
    <ClInclude Include="RenderableManager.h" />
    <ClInclude Include="Includes.h" />
  </ItemGroup>
  <ItemGroup>
    <Filter Include="OpenGL">
      <UniqueIdentifier>{92c3a4d2-ec51-4967-96aa-b6613f6e943e}</UniqueIdentifier>
    </Filter>
    <Filter Include="Direct3D">
      <UniqueIdentifier>{953fad87-ed73-48bf-9fec-95ff8216e8b6}</UniqueIdentifier>
    </Filter>
  </ItemGroup>
</Project>